
Microsoft Visual Studio Solution File, Format Version 12.00
# Visual Studio 2013
VisualStudioVersion = 12.0.30723.0
MinimumVisualStudioVersion = 10.0.40219.1
Project("{FAE04EC0-301F-11D3-BF4B-00C04F79EFBC}") = "Magenic.SignalRandIOT.Client", "Magenic.SignalRandIOT.Client\Magenic.SignalRandIOT.Client.csproj", "{9650BAB7-75D1-41B8-8FAA-DFD3E59E3716}"
EndProject
Project("{FAE04EC0-301F-11D3-BF4B-00C04F79EFBC}") = "Magenic.SignalRanIOT.Server", "Magenic.SignalRanIOT.Server\Magenic.SignalRanIOT.Server.csproj", "{ED8CE61C-9372-4150-95F0-7D22D177E870}"
EndProject
Project("{2150E333-8FDC-42A3-9474-1A3956D46DE8}") = "Magenic.SignalRandIOT.WinApp", "Magenic.SignalRandIOT.WinApp", "{4A36A23D-A57F-4B19-94B5-AEE8132986CE}"
EndProject
Project("{D954291E-2A0B-460D-934E-DC6B0785DB48}") = "Magenic.SignalRandIOT.WinApp.Shared", "Magenic.SignalRandIOT.WinApp\Magenic.SignalRandIOT.WinApp.Shared\Magenic.SignalRandIOT.WinApp.Shared.shproj", "{D7164B00-03E2-46F4-BB3A-9BB69D393D6D}"
EndProject
Project("{FAE04EC0-301F-11D3-BF4B-00C04F79EFBC}") = "Magenic.SignalRandIOT.WinApp.Windows", "Magenic.SignalRandIOT.WinApp\Magenic.SignalRandIOT.WinApp.Windows\Magenic.SignalRandIOT.WinApp.Windows.csproj", "{DA83C7FA-D878-4B2D-B48D-A03A3F4C130B}"
EndProject
Project("{FAE04EC0-301F-11D3-BF4B-00C04F79EFBC}") = "Magenic.SignalRandIOT.WPFApp", "Magenic.SignalRandIOT.WPFApp\Magenic.SignalRandIOT.WPFApp.csproj", "{AD5F50CF-BD95-430A-9163-715D33F73165}"
EndProject
Project("{FAE04EC0-301F-11D3-BF4B-00C04F79EFBC}") = "Magenic.SignalRandIOT.WinApp.WinPhone", "Magenic.SignalRandIOT.WinApp\Magenic.SignalRandIOT.WinApp.WinPhone\Magenic.SignalRandIOT.WinApp.WinPhone.csproj", "{8744FF93-E232-4E2C-86F2-23F93AF1CDF4}"
EndProject
Project("{2150E333-8FDC-42A3-9474-1A3956D46DE8}") = "Xamarin", "Xamarin", "{E620D1B2-5EB2-4F16-A912-365341A30D80}"
EndProject
Project("{FAE04EC0-301F-11D3-BF4B-00C04F79EFBC}") = "Magenic.SignalRandIOT.Android", "Magenic.SignalRandIOT.Android\Magenic.SignalRandIOT.Android.csproj", "{425C3168-942D-4F21-9049-F31422EF9A56}"
EndProject
Global
	GlobalSection(SharedMSBuildProjectFiles) = preSolution
		Magenic.SignalRandIOT.WinApp\Magenic.SignalRandIOT.WinApp.Shared\Magenic.SignalRandIOT.WinApp.Shared.projitems*{da83c7fa-d878-4b2d-b48d-a03a3f4c130b}*SharedItemsImports = 4
		Magenic.SignalRandIOT.WinApp\Magenic.SignalRandIOT.WinApp.Shared\Magenic.SignalRandIOT.WinApp.Shared.projitems*{d7164b00-03e2-46f4-bb3a-9bb69d393d6d}*SharedItemsImports = 13
	EndGlobalSection
	GlobalSection(SolutionConfigurationPlatforms) = preSolution
		Ad-Hoc|Any CPU = Ad-Hoc|Any CPU
		Ad-Hoc|ARM = Ad-Hoc|ARM
		Ad-Hoc|iPhone = Ad-Hoc|iPhone
		Ad-Hoc|iPhoneSimulator = Ad-Hoc|iPhoneSimulator
		Ad-Hoc|Mixed Platforms = Ad-Hoc|Mixed Platforms
		Ad-Hoc|x64 = Ad-Hoc|x64
		Ad-Hoc|x86 = Ad-Hoc|x86
		AppStore|Any CPU = AppStore|Any CPU
		AppStore|ARM = AppStore|ARM
		AppStore|iPhone = AppStore|iPhone
		AppStore|iPhoneSimulator = AppStore|iPhoneSimulator
		AppStore|Mixed Platforms = AppStore|Mixed Platforms
		AppStore|x64 = AppStore|x64
		AppStore|x86 = AppStore|x86
		Debug|Any CPU = Debug|Any CPU
		Debug|ARM = Debug|ARM
		Debug|iPhone = Debug|iPhone
		Debug|iPhoneSimulator = Debug|iPhoneSimulator
		Debug|Mixed Platforms = Debug|Mixed Platforms
		Debug|x64 = Debug|x64
		Debug|x86 = Debug|x86
		Release|Any CPU = Release|Any CPU
		Release|ARM = Release|ARM
		Release|iPhone = Release|iPhone
		Release|iPhoneSimulator = Release|iPhoneSimulator
		Release|Mixed Platforms = Release|Mixed Platforms
		Release|x64 = Release|x64
		Release|x86 = Release|x86
	EndGlobalSection
	GlobalSection(ProjectConfigurationPlatforms) = postSolution
		{9650BAB7-75D1-41B8-8FAA-DFD3E59E3716}.Ad-Hoc|Any CPU.ActiveCfg = Release|Any CPU
		{9650BAB7-75D1-41B8-8FAA-DFD3E59E3716}.Ad-Hoc|Any CPU.Build.0 = Release|Any CPU
		{9650BAB7-75D1-41B8-8FAA-DFD3E59E3716}.Ad-Hoc|ARM.ActiveCfg = Release|Any CPU
		{9650BAB7-75D1-41B8-8FAA-DFD3E59E3716}.Ad-Hoc|iPhone.ActiveCfg = Release|Any CPU
		{9650BAB7-75D1-41B8-8FAA-DFD3E59E3716}.Ad-Hoc|iPhoneSimulator.ActiveCfg = Release|Any CPU
		{9650BAB7-75D1-41B8-8FAA-DFD3E59E3716}.Ad-Hoc|Mixed Platforms.ActiveCfg = Release|Any CPU
		{9650BAB7-75D1-41B8-8FAA-DFD3E59E3716}.Ad-Hoc|Mixed Platforms.Build.0 = Release|Any CPU
		{9650BAB7-75D1-41B8-8FAA-DFD3E59E3716}.Ad-Hoc|x64.ActiveCfg = Release|Any CPU
		{9650BAB7-75D1-41B8-8FAA-DFD3E59E3716}.Ad-Hoc|x86.ActiveCfg = Release|Any CPU
		{9650BAB7-75D1-41B8-8FAA-DFD3E59E3716}.AppStore|Any CPU.ActiveCfg = Release|Any CPU
		{9650BAB7-75D1-41B8-8FAA-DFD3E59E3716}.AppStore|Any CPU.Build.0 = Release|Any CPU
		{9650BAB7-75D1-41B8-8FAA-DFD3E59E3716}.AppStore|ARM.ActiveCfg = Release|Any CPU
		{9650BAB7-75D1-41B8-8FAA-DFD3E59E3716}.AppStore|iPhone.ActiveCfg = Release|Any CPU
		{9650BAB7-75D1-41B8-8FAA-DFD3E59E3716}.AppStore|iPhoneSimulator.ActiveCfg = Release|Any CPU
		{9650BAB7-75D1-41B8-8FAA-DFD3E59E3716}.AppStore|Mixed Platforms.ActiveCfg = Release|Any CPU
		{9650BAB7-75D1-41B8-8FAA-DFD3E59E3716}.AppStore|Mixed Platforms.Build.0 = Release|Any CPU
		{9650BAB7-75D1-41B8-8FAA-DFD3E59E3716}.AppStore|x64.ActiveCfg = Release|Any CPU
		{9650BAB7-75D1-41B8-8FAA-DFD3E59E3716}.AppStore|x86.ActiveCfg = Release|Any CPU
		{9650BAB7-75D1-41B8-8FAA-DFD3E59E3716}.Debug|Any CPU.ActiveCfg = Debug|Any CPU
		{9650BAB7-75D1-41B8-8FAA-DFD3E59E3716}.Debug|Any CPU.Build.0 = Debug|Any CPU
		{9650BAB7-75D1-41B8-8FAA-DFD3E59E3716}.Debug|ARM.ActiveCfg = Debug|Any CPU
		{9650BAB7-75D1-41B8-8FAA-DFD3E59E3716}.Debug|iPhone.ActiveCfg = Debug|Any CPU
		{9650BAB7-75D1-41B8-8FAA-DFD3E59E3716}.Debug|iPhoneSimulator.ActiveCfg = Debug|Any CPU
		{9650BAB7-75D1-41B8-8FAA-DFD3E59E3716}.Debug|Mixed Platforms.ActiveCfg = Debug|Any CPU
		{9650BAB7-75D1-41B8-8FAA-DFD3E59E3716}.Debug|Mixed Platforms.Build.0 = Debug|Any CPU
		{9650BAB7-75D1-41B8-8FAA-DFD3E59E3716}.Debug|x64.ActiveCfg = Debug|Any CPU
		{9650BAB7-75D1-41B8-8FAA-DFD3E59E3716}.Debug|x86.ActiveCfg = Debug|Any CPU
		{9650BAB7-75D1-41B8-8FAA-DFD3E59E3716}.Release|Any CPU.ActiveCfg = Release|Any CPU
		{9650BAB7-75D1-41B8-8FAA-DFD3E59E3716}.Release|Any CPU.Build.0 = Release|Any CPU
		{9650BAB7-75D1-41B8-8FAA-DFD3E59E3716}.Release|ARM.ActiveCfg = Release|Any CPU
		{9650BAB7-75D1-41B8-8FAA-DFD3E59E3716}.Release|iPhone.ActiveCfg = Release|Any CPU
		{9650BAB7-75D1-41B8-8FAA-DFD3E59E3716}.Release|iPhoneSimulator.ActiveCfg = Release|Any CPU
		{9650BAB7-75D1-41B8-8FAA-DFD3E59E3716}.Release|Mixed Platforms.ActiveCfg = Release|Any CPU
		{9650BAB7-75D1-41B8-8FAA-DFD3E59E3716}.Release|Mixed Platforms.Build.0 = Release|Any CPU
		{9650BAB7-75D1-41B8-8FAA-DFD3E59E3716}.Release|x64.ActiveCfg = Release|Any CPU
		{9650BAB7-75D1-41B8-8FAA-DFD3E59E3716}.Release|x86.ActiveCfg = Release|Any CPU
		{ED8CE61C-9372-4150-95F0-7D22D177E870}.Ad-Hoc|Any CPU.ActiveCfg = Release|Any CPU
		{ED8CE61C-9372-4150-95F0-7D22D177E870}.Ad-Hoc|Any CPU.Build.0 = Release|Any CPU
		{ED8CE61C-9372-4150-95F0-7D22D177E870}.Ad-Hoc|ARM.ActiveCfg = Release|Any CPU
		{ED8CE61C-9372-4150-95F0-7D22D177E870}.Ad-Hoc|iPhone.ActiveCfg = Release|Any CPU
		{ED8CE61C-9372-4150-95F0-7D22D177E870}.Ad-Hoc|iPhoneSimulator.ActiveCfg = Release|Any CPU
		{ED8CE61C-9372-4150-95F0-7D22D177E870}.Ad-Hoc|Mixed Platforms.ActiveCfg = Release|Any CPU
		{ED8CE61C-9372-4150-95F0-7D22D177E870}.Ad-Hoc|Mixed Platforms.Build.0 = Release|Any CPU
		{ED8CE61C-9372-4150-95F0-7D22D177E870}.Ad-Hoc|x64.ActiveCfg = Release|Any CPU
		{ED8CE61C-9372-4150-95F0-7D22D177E870}.Ad-Hoc|x86.ActiveCfg = Release|Any CPU
		{ED8CE61C-9372-4150-95F0-7D22D177E870}.AppStore|Any CPU.ActiveCfg = Release|Any CPU
		{ED8CE61C-9372-4150-95F0-7D22D177E870}.AppStore|Any CPU.Build.0 = Release|Any CPU
		{ED8CE61C-9372-4150-95F0-7D22D177E870}.AppStore|ARM.ActiveCfg = Release|Any CPU
		{ED8CE61C-9372-4150-95F0-7D22D177E870}.AppStore|iPhone.ActiveCfg = Release|Any CPU
		{ED8CE61C-9372-4150-95F0-7D22D177E870}.AppStore|iPhoneSimulator.ActiveCfg = Release|Any CPU
		{ED8CE61C-9372-4150-95F0-7D22D177E870}.AppStore|Mixed Platforms.ActiveCfg = Release|Any CPU
		{ED8CE61C-9372-4150-95F0-7D22D177E870}.AppStore|Mixed Platforms.Build.0 = Release|Any CPU
		{ED8CE61C-9372-4150-95F0-7D22D177E870}.AppStore|x64.ActiveCfg = Release|Any CPU
		{ED8CE61C-9372-4150-95F0-7D22D177E870}.AppStore|x86.ActiveCfg = Release|Any CPU
		{ED8CE61C-9372-4150-95F0-7D22D177E870}.Debug|Any CPU.ActiveCfg = Debug|Any CPU
		{ED8CE61C-9372-4150-95F0-7D22D177E870}.Debug|Any CPU.Build.0 = Debug|Any CPU
		{ED8CE61C-9372-4150-95F0-7D22D177E870}.Debug|ARM.ActiveCfg = Debug|Any CPU
		{ED8CE61C-9372-4150-95F0-7D22D177E870}.Debug|iPhone.ActiveCfg = Debug|Any CPU
		{ED8CE61C-9372-4150-95F0-7D22D177E870}.Debug|iPhoneSimulator.ActiveCfg = Debug|Any CPU
		{ED8CE61C-9372-4150-95F0-7D22D177E870}.Debug|Mixed Platforms.ActiveCfg = Debug|Any CPU
		{ED8CE61C-9372-4150-95F0-7D22D177E870}.Debug|Mixed Platforms.Build.0 = Debug|Any CPU
		{ED8CE61C-9372-4150-95F0-7D22D177E870}.Debug|x64.ActiveCfg = Debug|Any CPU
		{ED8CE61C-9372-4150-95F0-7D22D177E870}.Debug|x86.ActiveCfg = Debug|Any CPU
		{ED8CE61C-9372-4150-95F0-7D22D177E870}.Release|Any CPU.ActiveCfg = Release|Any CPU
		{ED8CE61C-9372-4150-95F0-7D22D177E870}.Release|Any CPU.Build.0 = Release|Any CPU
		{ED8CE61C-9372-4150-95F0-7D22D177E870}.Release|ARM.ActiveCfg = Release|Any CPU
		{ED8CE61C-9372-4150-95F0-7D22D177E870}.Release|iPhone.ActiveCfg = Release|Any CPU
		{ED8CE61C-9372-4150-95F0-7D22D177E870}.Release|iPhoneSimulator.ActiveCfg = Release|Any CPU
		{ED8CE61C-9372-4150-95F0-7D22D177E870}.Release|Mixed Platforms.ActiveCfg = Release|Any CPU
		{ED8CE61C-9372-4150-95F0-7D22D177E870}.Release|Mixed Platforms.Build.0 = Release|Any CPU
		{ED8CE61C-9372-4150-95F0-7D22D177E870}.Release|x64.ActiveCfg = Release|Any CPU
		{ED8CE61C-9372-4150-95F0-7D22D177E870}.Release|x86.ActiveCfg = Release|Any CPU
		{DA83C7FA-D878-4B2D-B48D-A03A3F4C130B}.Ad-Hoc|Any CPU.ActiveCfg = Release|Any CPU
		{DA83C7FA-D878-4B2D-B48D-A03A3F4C130B}.Ad-Hoc|Any CPU.Build.0 = Release|Any CPU
		{DA83C7FA-D878-4B2D-B48D-A03A3F4C130B}.Ad-Hoc|Any CPU.Deploy.0 = Release|Any CPU
		{DA83C7FA-D878-4B2D-B48D-A03A3F4C130B}.Ad-Hoc|ARM.ActiveCfg = Release|ARM
		{DA83C7FA-D878-4B2D-B48D-A03A3F4C130B}.Ad-Hoc|ARM.Build.0 = Release|ARM
		{DA83C7FA-D878-4B2D-B48D-A03A3F4C130B}.Ad-Hoc|ARM.Deploy.0 = Release|ARM
		{DA83C7FA-D878-4B2D-B48D-A03A3F4C130B}.Ad-Hoc|iPhone.ActiveCfg = Release|Any CPU
		{DA83C7FA-D878-4B2D-B48D-A03A3F4C130B}.Ad-Hoc|iPhoneSimulator.ActiveCfg = Release|Any CPU
		{DA83C7FA-D878-4B2D-B48D-A03A3F4C130B}.Ad-Hoc|Mixed Platforms.ActiveCfg = Release|x86
		{DA83C7FA-D878-4B2D-B48D-A03A3F4C130B}.Ad-Hoc|Mixed Platforms.Build.0 = Release|x86
		{DA83C7FA-D878-4B2D-B48D-A03A3F4C130B}.Ad-Hoc|Mixed Platforms.Deploy.0 = Release|x86
		{DA83C7FA-D878-4B2D-B48D-A03A3F4C130B}.Ad-Hoc|x64.ActiveCfg = Release|x64
		{DA83C7FA-D878-4B2D-B48D-A03A3F4C130B}.Ad-Hoc|x64.Build.0 = Release|x64
		{DA83C7FA-D878-4B2D-B48D-A03A3F4C130B}.Ad-Hoc|x64.Deploy.0 = Release|x64
		{DA83C7FA-D878-4B2D-B48D-A03A3F4C130B}.Ad-Hoc|x86.ActiveCfg = Release|x86
		{DA83C7FA-D878-4B2D-B48D-A03A3F4C130B}.Ad-Hoc|x86.Build.0 = Release|x86
		{DA83C7FA-D878-4B2D-B48D-A03A3F4C130B}.Ad-Hoc|x86.Deploy.0 = Release|x86
		{DA83C7FA-D878-4B2D-B48D-A03A3F4C130B}.AppStore|Any CPU.ActiveCfg = Release|Any CPU
		{DA83C7FA-D878-4B2D-B48D-A03A3F4C130B}.AppStore|Any CPU.Build.0 = Release|Any CPU
		{DA83C7FA-D878-4B2D-B48D-A03A3F4C130B}.AppStore|Any CPU.Deploy.0 = Release|Any CPU
		{DA83C7FA-D878-4B2D-B48D-A03A3F4C130B}.AppStore|ARM.ActiveCfg = Release|ARM
		{DA83C7FA-D878-4B2D-B48D-A03A3F4C130B}.AppStore|ARM.Build.0 = Release|ARM
		{DA83C7FA-D878-4B2D-B48D-A03A3F4C130B}.AppStore|ARM.Deploy.0 = Release|ARM
		{DA83C7FA-D878-4B2D-B48D-A03A3F4C130B}.AppStore|iPhone.ActiveCfg = Release|Any CPU
		{DA83C7FA-D878-4B2D-B48D-A03A3F4C130B}.AppStore|iPhoneSimulator.ActiveCfg = Release|Any CPU
		{DA83C7FA-D878-4B2D-B48D-A03A3F4C130B}.AppStore|Mixed Platforms.ActiveCfg = Release|x86
		{DA83C7FA-D878-4B2D-B48D-A03A3F4C130B}.AppStore|Mixed Platforms.Build.0 = Release|x86
		{DA83C7FA-D878-4B2D-B48D-A03A3F4C130B}.AppStore|Mixed Platforms.Deploy.0 = Release|x86
		{DA83C7FA-D878-4B2D-B48D-A03A3F4C130B}.AppStore|x64.ActiveCfg = Release|x64
		{DA83C7FA-D878-4B2D-B48D-A03A3F4C130B}.AppStore|x64.Build.0 = Release|x64
		{DA83C7FA-D878-4B2D-B48D-A03A3F4C130B}.AppStore|x64.Deploy.0 = Release|x64
		{DA83C7FA-D878-4B2D-B48D-A03A3F4C130B}.AppStore|x86.ActiveCfg = Release|x86
		{DA83C7FA-D878-4B2D-B48D-A03A3F4C130B}.AppStore|x86.Build.0 = Release|x86
		{DA83C7FA-D878-4B2D-B48D-A03A3F4C130B}.AppStore|x86.Deploy.0 = Release|x86
		{DA83C7FA-D878-4B2D-B48D-A03A3F4C130B}.Debug|Any CPU.ActiveCfg = Debug|Any CPU
		{DA83C7FA-D878-4B2D-B48D-A03A3F4C130B}.Debug|Any CPU.Build.0 = Debug|Any CPU
		{DA83C7FA-D878-4B2D-B48D-A03A3F4C130B}.Debug|Any CPU.Deploy.0 = Debug|Any CPU
		{DA83C7FA-D878-4B2D-B48D-A03A3F4C130B}.Debug|ARM.ActiveCfg = Debug|ARM
		{DA83C7FA-D878-4B2D-B48D-A03A3F4C130B}.Debug|ARM.Build.0 = Debug|ARM
		{DA83C7FA-D878-4B2D-B48D-A03A3F4C130B}.Debug|ARM.Deploy.0 = Debug|ARM
		{DA83C7FA-D878-4B2D-B48D-A03A3F4C130B}.Debug|iPhone.ActiveCfg = Debug|Any CPU
		{DA83C7FA-D878-4B2D-B48D-A03A3F4C130B}.Debug|iPhoneSimulator.ActiveCfg = Debug|Any CPU
		{DA83C7FA-D878-4B2D-B48D-A03A3F4C130B}.Debug|Mixed Platforms.ActiveCfg = Debug|x86
		{DA83C7FA-D878-4B2D-B48D-A03A3F4C130B}.Debug|Mixed Platforms.Build.0 = Debug|x86
		{DA83C7FA-D878-4B2D-B48D-A03A3F4C130B}.Debug|Mixed Platforms.Deploy.0 = Debug|x86
		{DA83C7FA-D878-4B2D-B48D-A03A3F4C130B}.Debug|x64.ActiveCfg = Debug|x64
		{DA83C7FA-D878-4B2D-B48D-A03A3F4C130B}.Debug|x64.Build.0 = Debug|x64
		{DA83C7FA-D878-4B2D-B48D-A03A3F4C130B}.Debug|x64.Deploy.0 = Debug|x64
		{DA83C7FA-D878-4B2D-B48D-A03A3F4C130B}.Debug|x86.ActiveCfg = Debug|x86
		{DA83C7FA-D878-4B2D-B48D-A03A3F4C130B}.Debug|x86.Build.0 = Debug|x86
		{DA83C7FA-D878-4B2D-B48D-A03A3F4C130B}.Debug|x86.Deploy.0 = Debug|x86
		{DA83C7FA-D878-4B2D-B48D-A03A3F4C130B}.Release|Any CPU.ActiveCfg = Release|Any CPU
		{DA83C7FA-D878-4B2D-B48D-A03A3F4C130B}.Release|Any CPU.Build.0 = Release|Any CPU
		{DA83C7FA-D878-4B2D-B48D-A03A3F4C130B}.Release|Any CPU.Deploy.0 = Release|Any CPU
		{DA83C7FA-D878-4B2D-B48D-A03A3F4C130B}.Release|ARM.ActiveCfg = Release|ARM
		{DA83C7FA-D878-4B2D-B48D-A03A3F4C130B}.Release|ARM.Build.0 = Release|ARM
		{DA83C7FA-D878-4B2D-B48D-A03A3F4C130B}.Release|ARM.Deploy.0 = Release|ARM
		{DA83C7FA-D878-4B2D-B48D-A03A3F4C130B}.Release|iPhone.ActiveCfg = Release|Any CPU
		{DA83C7FA-D878-4B2D-B48D-A03A3F4C130B}.Release|iPhoneSimulator.ActiveCfg = Release|Any CPU
		{DA83C7FA-D878-4B2D-B48D-A03A3F4C130B}.Release|Mixed Platforms.ActiveCfg = Release|x86
		{DA83C7FA-D878-4B2D-B48D-A03A3F4C130B}.Release|Mixed Platforms.Build.0 = Release|x86
		{DA83C7FA-D878-4B2D-B48D-A03A3F4C130B}.Release|Mixed Platforms.Deploy.0 = Release|x86
		{DA83C7FA-D878-4B2D-B48D-A03A3F4C130B}.Release|x64.ActiveCfg = Release|x64
		{DA83C7FA-D878-4B2D-B48D-A03A3F4C130B}.Release|x64.Build.0 = Release|x64
		{DA83C7FA-D878-4B2D-B48D-A03A3F4C130B}.Release|x64.Deploy.0 = Release|x64
		{DA83C7FA-D878-4B2D-B48D-A03A3F4C130B}.Release|x86.ActiveCfg = Release|x86
		{DA83C7FA-D878-4B2D-B48D-A03A3F4C130B}.Release|x86.Build.0 = Release|x86
		{DA83C7FA-D878-4B2D-B48D-A03A3F4C130B}.Release|x86.Deploy.0 = Release|x86
		{AD5F50CF-BD95-430A-9163-715D33F73165}.Ad-Hoc|Any CPU.ActiveCfg = Release|Any CPU
		{AD5F50CF-BD95-430A-9163-715D33F73165}.Ad-Hoc|Any CPU.Build.0 = Release|Any CPU
		{AD5F50CF-BD95-430A-9163-715D33F73165}.Ad-Hoc|ARM.ActiveCfg = Release|Any CPU
		{AD5F50CF-BD95-430A-9163-715D33F73165}.Ad-Hoc|iPhone.ActiveCfg = Release|Any CPU
		{AD5F50CF-BD95-430A-9163-715D33F73165}.Ad-Hoc|iPhoneSimulator.ActiveCfg = Release|Any CPU
		{AD5F50CF-BD95-430A-9163-715D33F73165}.Ad-Hoc|Mixed Platforms.ActiveCfg = Release|Any CPU
		{AD5F50CF-BD95-430A-9163-715D33F73165}.Ad-Hoc|Mixed Platforms.Build.0 = Release|Any CPU
		{AD5F50CF-BD95-430A-9163-715D33F73165}.Ad-Hoc|x64.ActiveCfg = Release|Any CPU
		{AD5F50CF-BD95-430A-9163-715D33F73165}.Ad-Hoc|x86.ActiveCfg = Release|Any CPU
		{AD5F50CF-BD95-430A-9163-715D33F73165}.AppStore|Any CPU.ActiveCfg = Release|Any CPU
		{AD5F50CF-BD95-430A-9163-715D33F73165}.AppStore|Any CPU.Build.0 = Release|Any CPU
		{AD5F50CF-BD95-430A-9163-715D33F73165}.AppStore|ARM.ActiveCfg = Release|Any CPU
		{AD5F50CF-BD95-430A-9163-715D33F73165}.AppStore|iPhone.ActiveCfg = Release|Any CPU
		{AD5F50CF-BD95-430A-9163-715D33F73165}.AppStore|iPhoneSimulator.ActiveCfg = Release|Any CPU
		{AD5F50CF-BD95-430A-9163-715D33F73165}.AppStore|Mixed Platforms.ActiveCfg = Release|Any CPU
		{AD5F50CF-BD95-430A-9163-715D33F73165}.AppStore|Mixed Platforms.Build.0 = Release|Any CPU
		{AD5F50CF-BD95-430A-9163-715D33F73165}.AppStore|x64.ActiveCfg = Release|Any CPU
		{AD5F50CF-BD95-430A-9163-715D33F73165}.AppStore|x86.ActiveCfg = Release|Any CPU
		{AD5F50CF-BD95-430A-9163-715D33F73165}.Debug|Any CPU.ActiveCfg = Debug|Any CPU
		{AD5F50CF-BD95-430A-9163-715D33F73165}.Debug|Any CPU.Build.0 = Debug|Any CPU
		{AD5F50CF-BD95-430A-9163-715D33F73165}.Debug|ARM.ActiveCfg = Debug|Any CPU
		{AD5F50CF-BD95-430A-9163-715D33F73165}.Debug|iPhone.ActiveCfg = Debug|Any CPU
		{AD5F50CF-BD95-430A-9163-715D33F73165}.Debug|iPhoneSimulator.ActiveCfg = Debug|Any CPU
		{AD5F50CF-BD95-430A-9163-715D33F73165}.Debug|Mixed Platforms.ActiveCfg = Debug|Any CPU
		{AD5F50CF-BD95-430A-9163-715D33F73165}.Debug|Mixed Platforms.Build.0 = Debug|Any CPU
		{AD5F50CF-BD95-430A-9163-715D33F73165}.Debug|x64.ActiveCfg = Debug|Any CPU
		{AD5F50CF-BD95-430A-9163-715D33F73165}.Debug|x86.ActiveCfg = Debug|Any CPU
		{AD5F50CF-BD95-430A-9163-715D33F73165}.Release|Any CPU.ActiveCfg = Release|Any CPU
		{AD5F50CF-BD95-430A-9163-715D33F73165}.Release|Any CPU.Build.0 = Release|Any CPU
		{AD5F50CF-BD95-430A-9163-715D33F73165}.Release|ARM.ActiveCfg = Release|Any CPU
		{AD5F50CF-BD95-430A-9163-715D33F73165}.Release|iPhone.ActiveCfg = Release|Any CPU
		{AD5F50CF-BD95-430A-9163-715D33F73165}.Release|iPhoneSimulator.ActiveCfg = Release|Any CPU
		{AD5F50CF-BD95-430A-9163-715D33F73165}.Release|Mixed Platforms.ActiveCfg = Release|Any CPU
		{AD5F50CF-BD95-430A-9163-715D33F73165}.Release|Mixed Platforms.Build.0 = Release|Any CPU
		{AD5F50CF-BD95-430A-9163-715D33F73165}.Release|x64.ActiveCfg = Release|Any CPU
		{AD5F50CF-BD95-430A-9163-715D33F73165}.Release|x86.ActiveCfg = Release|Any CPU
		{8744FF93-E232-4E2C-86F2-23F93AF1CDF4}.Ad-Hoc|Any CPU.ActiveCfg = Release|Any CPU
		{8744FF93-E232-4E2C-86F2-23F93AF1CDF4}.Ad-Hoc|Any CPU.Build.0 = Release|Any CPU
		{8744FF93-E232-4E2C-86F2-23F93AF1CDF4}.Ad-Hoc|Any CPU.Deploy.0 = Release|Any CPU
		{8744FF93-E232-4E2C-86F2-23F93AF1CDF4}.Ad-Hoc|ARM.ActiveCfg = Release|ARM
		{8744FF93-E232-4E2C-86F2-23F93AF1CDF4}.Ad-Hoc|ARM.Build.0 = Release|ARM
		{8744FF93-E232-4E2C-86F2-23F93AF1CDF4}.Ad-Hoc|ARM.Deploy.0 = Release|ARM
		{8744FF93-E232-4E2C-86F2-23F93AF1CDF4}.Ad-Hoc|iPhone.ActiveCfg = Release|Any CPU
		{8744FF93-E232-4E2C-86F2-23F93AF1CDF4}.Ad-Hoc|iPhoneSimulator.ActiveCfg = Release|Any CPU
		{8744FF93-E232-4E2C-86F2-23F93AF1CDF4}.Ad-Hoc|Mixed Platforms.ActiveCfg = Release|x86
		{8744FF93-E232-4E2C-86F2-23F93AF1CDF4}.Ad-Hoc|Mixed Platforms.Build.0 = Release|x86
		{8744FF93-E232-4E2C-86F2-23F93AF1CDF4}.Ad-Hoc|Mixed Platforms.Deploy.0 = Release|x86
		{8744FF93-E232-4E2C-86F2-23F93AF1CDF4}.Ad-Hoc|x64.ActiveCfg = Release|Any CPU
		{8744FF93-E232-4E2C-86F2-23F93AF1CDF4}.Ad-Hoc|x86.ActiveCfg = Release|x86
		{8744FF93-E232-4E2C-86F2-23F93AF1CDF4}.Ad-Hoc|x86.Build.0 = Release|x86
		{8744FF93-E232-4E2C-86F2-23F93AF1CDF4}.Ad-Hoc|x86.Deploy.0 = Release|x86
		{8744FF93-E232-4E2C-86F2-23F93AF1CDF4}.AppStore|Any CPU.ActiveCfg = Release|Any CPU
		{8744FF93-E232-4E2C-86F2-23F93AF1CDF4}.AppStore|Any CPU.Build.0 = Release|Any CPU
		{8744FF93-E232-4E2C-86F2-23F93AF1CDF4}.AppStore|Any CPU.Deploy.0 = Release|Any CPU
		{8744FF93-E232-4E2C-86F2-23F93AF1CDF4}.AppStore|ARM.ActiveCfg = Release|ARM
		{8744FF93-E232-4E2C-86F2-23F93AF1CDF4}.AppStore|ARM.Build.0 = Release|ARM
		{8744FF93-E232-4E2C-86F2-23F93AF1CDF4}.AppStore|ARM.Deploy.0 = Release|ARM
		{8744FF93-E232-4E2C-86F2-23F93AF1CDF4}.AppStore|iPhone.ActiveCfg = Release|Any CPU
		{8744FF93-E232-4E2C-86F2-23F93AF1CDF4}.AppStore|iPhoneSimulator.ActiveCfg = Release|Any CPU
		{8744FF93-E232-4E2C-86F2-23F93AF1CDF4}.AppStore|Mixed Platforms.ActiveCfg = Release|x86
		{8744FF93-E232-4E2C-86F2-23F93AF1CDF4}.AppStore|Mixed Platforms.Build.0 = Release|x86
		{8744FF93-E232-4E2C-86F2-23F93AF1CDF4}.AppStore|Mixed Platforms.Deploy.0 = Release|x86
		{8744FF93-E232-4E2C-86F2-23F93AF1CDF4}.AppStore|x64.ActiveCfg = Release|Any CPU
		{8744FF93-E232-4E2C-86F2-23F93AF1CDF4}.AppStore|x86.ActiveCfg = Release|x86
		{8744FF93-E232-4E2C-86F2-23F93AF1CDF4}.AppStore|x86.Build.0 = Release|x86
		{8744FF93-E232-4E2C-86F2-23F93AF1CDF4}.AppStore|x86.Deploy.0 = Release|x86
		{8744FF93-E232-4E2C-86F2-23F93AF1CDF4}.Debug|Any CPU.ActiveCfg = Debug|Any CPU
		{8744FF93-E232-4E2C-86F2-23F93AF1CDF4}.Debug|Any CPU.Build.0 = Debug|Any CPU
		{8744FF93-E232-4E2C-86F2-23F93AF1CDF4}.Debug|Any CPU.Deploy.0 = Debug|Any CPU
		{8744FF93-E232-4E2C-86F2-23F93AF1CDF4}.Debug|ARM.ActiveCfg = Debug|ARM
		{8744FF93-E232-4E2C-86F2-23F93AF1CDF4}.Debug|ARM.Build.0 = Debug|ARM
		{8744FF93-E232-4E2C-86F2-23F93AF1CDF4}.Debug|ARM.Deploy.0 = Debug|ARM
		{8744FF93-E232-4E2C-86F2-23F93AF1CDF4}.Debug|iPhone.ActiveCfg = Debug|Any CPU
		{8744FF93-E232-4E2C-86F2-23F93AF1CDF4}.Debug|iPhoneSimulator.ActiveCfg = Debug|Any CPU
		{8744FF93-E232-4E2C-86F2-23F93AF1CDF4}.Debug|Mixed Platforms.ActiveCfg = Debug|x86
		{8744FF93-E232-4E2C-86F2-23F93AF1CDF4}.Debug|Mixed Platforms.Build.0 = Debug|x86
		{8744FF93-E232-4E2C-86F2-23F93AF1CDF4}.Debug|Mixed Platforms.Deploy.0 = Debug|x86
		{8744FF93-E232-4E2C-86F2-23F93AF1CDF4}.Debug|x64.ActiveCfg = Debug|Any CPU
		{8744FF93-E232-4E2C-86F2-23F93AF1CDF4}.Debug|x86.ActiveCfg = Debug|x86
		{8744FF93-E232-4E2C-86F2-23F93AF1CDF4}.Debug|x86.Build.0 = Debug|x86
		{8744FF93-E232-4E2C-86F2-23F93AF1CDF4}.Debug|x86.Deploy.0 = Debug|x86
		{8744FF93-E232-4E2C-86F2-23F93AF1CDF4}.Release|Any CPU.ActiveCfg = Release|Any CPU
		{8744FF93-E232-4E2C-86F2-23F93AF1CDF4}.Release|Any CPU.Build.0 = Release|Any CPU
		{8744FF93-E232-4E2C-86F2-23F93AF1CDF4}.Release|Any CPU.Deploy.0 = Release|Any CPU
		{8744FF93-E232-4E2C-86F2-23F93AF1CDF4}.Release|ARM.ActiveCfg = Release|ARM
		{8744FF93-E232-4E2C-86F2-23F93AF1CDF4}.Release|ARM.Build.0 = Release|ARM
		{8744FF93-E232-4E2C-86F2-23F93AF1CDF4}.Release|ARM.Deploy.0 = Release|ARM
		{8744FF93-E232-4E2C-86F2-23F93AF1CDF4}.Release|iPhone.ActiveCfg = Release|Any CPU
		{8744FF93-E232-4E2C-86F2-23F93AF1CDF4}.Release|iPhoneSimulator.ActiveCfg = Release|Any CPU
		{8744FF93-E232-4E2C-86F2-23F93AF1CDF4}.Release|Mixed Platforms.ActiveCfg = Release|x86
		{8744FF93-E232-4E2C-86F2-23F93AF1CDF4}.Release|Mixed Platforms.Build.0 = Release|x86
		{8744FF93-E232-4E2C-86F2-23F93AF1CDF4}.Release|Mixed Platforms.Deploy.0 = Release|x86
		{8744FF93-E232-4E2C-86F2-23F93AF1CDF4}.Release|x64.ActiveCfg = Release|Any CPU
		{8744FF93-E232-4E2C-86F2-23F93AF1CDF4}.Release|x86.ActiveCfg = Release|x86
		{8744FF93-E232-4E2C-86F2-23F93AF1CDF4}.Release|x86.Build.0 = Release|x86
		{8744FF93-E232-4E2C-86F2-23F93AF1CDF4}.Release|x86.Deploy.0 = Release|x86
		{425C3168-942D-4F21-9049-F31422EF9A56}.Ad-Hoc|Any CPU.ActiveCfg = Release|Any CPU
		{425C3168-942D-4F21-9049-F31422EF9A56}.Ad-Hoc|Any CPU.Build.0 = Release|Any CPU
		{425C3168-942D-4F21-9049-F31422EF9A56}.Ad-Hoc|Any CPU.Deploy.0 = Release|Any CPU
		{425C3168-942D-4F21-9049-F31422EF9A56}.Ad-Hoc|ARM.ActiveCfg = Release|Any CPU
		{425C3168-942D-4F21-9049-F31422EF9A56}.Ad-Hoc|iPhone.ActiveCfg = Release|Any CPU
		{425C3168-942D-4F21-9049-F31422EF9A56}.Ad-Hoc|iPhoneSimulator.ActiveCfg = Release|Any CPU
		{425C3168-942D-4F21-9049-F31422EF9A56}.Ad-Hoc|Mixed Platforms.ActiveCfg = Release|Any CPU
		{425C3168-942D-4F21-9049-F31422EF9A56}.Ad-Hoc|Mixed Platforms.Build.0 = Release|Any CPU
		{425C3168-942D-4F21-9049-F31422EF9A56}.Ad-Hoc|Mixed Platforms.Deploy.0 = Release|Any CPU
		{425C3168-942D-4F21-9049-F31422EF9A56}.Ad-Hoc|x64.ActiveCfg = Release|Any CPU
		{425C3168-942D-4F21-9049-F31422EF9A56}.Ad-Hoc|x86.ActiveCfg = Release|Any CPU
		{425C3168-942D-4F21-9049-F31422EF9A56}.AppStore|Any CPU.ActiveCfg = Release|Any CPU
		{425C3168-942D-4F21-9049-F31422EF9A56}.AppStore|Any CPU.Build.0 = Release|Any CPU
		{425C3168-942D-4F21-9049-F31422EF9A56}.AppStore|Any CPU.Deploy.0 = Release|Any CPU
		{425C3168-942D-4F21-9049-F31422EF9A56}.AppStore|ARM.ActiveCfg = Release|Any CPU
		{425C3168-942D-4F21-9049-F31422EF9A56}.AppStore|iPhone.ActiveCfg = Release|Any CPU
		{425C3168-942D-4F21-9049-F31422EF9A56}.AppStore|iPhoneSimulator.ActiveCfg = Release|Any CPU
		{425C3168-942D-4F21-9049-F31422EF9A56}.AppStore|Mixed Platforms.ActiveCfg = Release|Any CPU
		{425C3168-942D-4F21-9049-F31422EF9A56}.AppStore|Mixed Platforms.Build.0 = Release|Any CPU
		{425C3168-942D-4F21-9049-F31422EF9A56}.AppStore|Mixed Platforms.Deploy.0 = Release|Any CPU
		{425C3168-942D-4F21-9049-F31422EF9A56}.AppStore|x64.ActiveCfg = Release|Any CPU
		{425C3168-942D-4F21-9049-F31422EF9A56}.AppStore|x86.ActiveCfg = Release|Any CPU
		{425C3168-942D-4F21-9049-F31422EF9A56}.Debug|Any CPU.ActiveCfg = Debug|Any CPU
		{425C3168-942D-4F21-9049-F31422EF9A56}.Debug|Any CPU.Build.0 = Debug|Any CPU
		{425C3168-942D-4F21-9049-F31422EF9A56}.Debug|Any CPU.Deploy.0 = Debug|Any CPU
		{425C3168-942D-4F21-9049-F31422EF9A56}.Debug|ARM.ActiveCfg = Debug|Any CPU
		{425C3168-942D-4F21-9049-F31422EF9A56}.Debug|iPhone.ActiveCfg = Debug|Any CPU
		{425C3168-942D-4F21-9049-F31422EF9A56}.Debug|iPhoneSimulator.ActiveCfg = Debug|Any CPU
		{425C3168-942D-4F21-9049-F31422EF9A56}.Debug|Mixed Platforms.ActiveCfg = Debug|Any CPU
		{425C3168-942D-4F21-9049-F31422EF9A56}.Debug|Mixed Platforms.Build.0 = Debug|Any CPU
		{425C3168-942D-4F21-9049-F31422EF9A56}.Debug|Mixed Platforms.Deploy.0 = Debug|Any CPU
		{425C3168-942D-4F21-9049-F31422EF9A56}.Debug|x64.ActiveCfg = Debug|Any CPU
		{425C3168-942D-4F21-9049-F31422EF9A56}.Debug|x86.ActiveCfg = Debug|Any CPU
		{425C3168-942D-4F21-9049-F31422EF9A56}.Release|Any CPU.ActiveCfg = Release|Any CPU
		{425C3168-942D-4F21-9049-F31422EF9A56}.Release|Any CPU.Build.0 = Release|Any CPU
		{425C3168-942D-4F21-9049-F31422EF9A56}.Release|Any CPU.Deploy.0 = Release|Any CPU
		{425C3168-942D-4F21-9049-F31422EF9A56}.Release|ARM.ActiveCfg = Release|Any CPU
		{425C3168-942D-4F21-9049-F31422EF9A56}.Release|iPhone.ActiveCfg = Release|Any CPU
		{425C3168-942D-4F21-9049-F31422EF9A56}.Release|iPhoneSimulator.ActiveCfg = Release|Any CPU
		{425C3168-942D-4F21-9049-F31422EF9A56}.Release|Mixed Platforms.ActiveCfg = Release|Any CPU
		{425C3168-942D-4F21-9049-F31422EF9A56}.Release|Mixed Platforms.Build.0 = Release|Any CPU
		{425C3168-942D-4F21-9049-F31422EF9A56}.Release|Mixed Platforms.Deploy.0 = Release|Any CPU
		{425C3168-942D-4F21-9049-F31422EF9A56}.Release|x64.ActiveCfg = Release|Any CPU
		{425C3168-942D-4F21-9049-F31422EF9A56}.Release|x86.ActiveCfg = Release|Any CPU
	EndGlobalSection
	GlobalSection(SolutionProperties) = preSolution
		HideSolutionNode = FALSE
	EndGlobalSection
	GlobalSection(NestedProjects) = preSolution
		{D7164B00-03E2-46F4-BB3A-9BB69D393D6D} = {4A36A23D-A57F-4B19-94B5-AEE8132986CE}
		{DA83C7FA-D878-4B2D-B48D-A03A3F4C130B} = {4A36A23D-A57F-4B19-94B5-AEE8132986CE}
		{8744FF93-E232-4E2C-86F2-23F93AF1CDF4} = {4A36A23D-A57F-4B19-94B5-AEE8132986CE}
		{425C3168-942D-4F21-9049-F31422EF9A56} = {E620D1B2-5EB2-4F16-A912-365341A30D80}
	EndGlobalSection
EndGlobal
